
Microsoft Visual Studio Solution File, Format Version 12.00
# Visual Studio Version 16
VisualStudioVersion = 16.0.33214.272
MinimumVisualStudioVersion = 10.0.40219.1
Project("{FAE04EC0-301F-11D3-BF4B-00C04F79EFBC}") = "Практическая_15", "Практическая_15.csproj", "{00722347-7296-4EB2-893B-E742430FC44A}"
EndProject
Global
	GlobalSection(SolutionConfigurationPlatforms) = preSolution
		Debug|Any CPU = Debug|Any CPU
		Release|Any CPU = Release|Any CPU
	EndGlobalSection
	GlobalSection(ProjectConfigurationPlatforms) = postSolution
		{00722347-7296-4EB2-893B-E742430FC44A}.Debug|Any CPU.ActiveCfg = Debug|Any CPU
		{00722347-7296-4EB2-893B-E742430FC44A}.Debug|Any CPU.Build.0 = Debug|Any CPU
		{00722347-7296-4EB2-893B-E742430FC44A}.Release|Any CPU.ActiveCfg = Release|Any CPU
		{00722347-7296-4EB2-893B-E742430FC44A}.Release|Any CPU.Build.0 = Release|Any CPU
	EndGlobalSection
	GlobalSection(SolutionProperties) = preSolution
		HideSolutionNode = FALSE
	EndGlobalSection
	GlobalSection(ExtensibilityGlobals) = postSolution
		SolutionGuid = {90CA78E8-E4F4-4124-83FC-01CD16E480B3}
	EndGlobalSection
EndGlobal
